
Microsoft Visual Studio Solution File, Format Version 12.00
# Visual Studio Version 17
VisualStudioVersion = 17.11.35327.3
MinimumVisualStudioVersion = 10.0.40219.1
Project("{9A19103F-16F7-4668-BE54-9A1E7A4F7556}") = "App.Console", "App.Console\App.Console.csproj", "{0725A392-1231-4741-B077-6B6B0D096880}"
	ProjectSection(ProjectDependencies) = postProject
		{E47BF72F-A101-4C97-A322-66CEE9551F26} = {E47BF72F-A101-4C97-A322-66CEE9551F26}
	EndProjectSection
EndProject
Project("{FAE04EC0-301F-11D3-BF4B-00C04F79EFBC}") = "App.Console.Tests", "App.Console.Tests\App.Console.Tests.csproj", "{BE5CB6EF-AF3A-47A3-94D0-74A7E8946714}"
EndProject
Project("{FAE04EC0-301F-11D3-BF4B-00C04F79EFBC}") = "Data.Entities", "Data.Entities\Data.Entities.csproj", "{E47BF72F-A101-4C97-A322-66CEE9551F26}"
EndProject
Global
	GlobalSection(SolutionConfigurationPlatforms) = preSolution
		Debug|Any CPU = Debug|Any CPU
		Release|Any CPU = Release|Any CPU
	EndGlobalSection
	GlobalSection(ProjectConfigurationPlatforms) = postSolution
		{0725A392-1231-4741-B077-6B6B0D096880}.Debug|Any CPU.ActiveCfg = Debug|Any CPU
		{0725A392-1231-4741-B077-6B6B0D096880}.Debug|Any CPU.Build.0 = Debug|Any CPU
		{0725A392-1231-4741-B077-6B6B0D096880}.Release|Any CPU.ActiveCfg = Release|Any CPU
		{0725A392-1231-4741-B077-6B6B0D096880}.Release|Any CPU.Build.0 = Release|Any CPU
		{BE5CB6EF-AF3A-47A3-94D0-74A7E8946714}.Debug|Any CPU.ActiveCfg = Debug|Any CPU
		{BE5CB6EF-AF3A-47A3-94D0-74A7E8946714}.Debug|Any CPU.Build.0 = Debug|Any CPU
		{BE5CB6EF-AF3A-47A3-94D0-74A7E8946714}.Release|Any CPU.ActiveCfg = Release|Any CPU
		{BE5CB6EF-AF3A-47A3-94D0-74A7E8946714}.Release|Any CPU.Build.0 = Release|Any CPU
		{E47BF72F-A101-4C97-A322-66CEE9551F26}.Debug|Any CPU.ActiveCfg = Debug|Any CPU
		{E47BF72F-A101-4C97-A322-66CEE9551F26}.Debug|Any CPU.Build.0 = Debug|Any CPU
		{E47BF72F-A101-4C97-A322-66CEE9551F26}.Release|Any CPU.ActiveCfg = Release|Any CPU
		{E47BF72F-A101-4C97-A322-66CEE9551F26}.Release|Any CPU.Build.0 = Release|Any CPU
	EndGlobalSection
	GlobalSection(SolutionProperties) = preSolution
		HideSolutionNode = FALSE
	EndGlobalSection
	GlobalSection(ExtensibilityGlobals) = postSolution
		SolutionGuid = {9EE05205-036F-4F1F-BEEB-27930F27BA97}
	EndGlobalSection
EndGlobal
